// !$*UTF8*$!
{
	archiveVersion = 1;
	classes = {
	};
	objectVersion = 46;
	objects = {

/* Begin PBXBuildFile section */
		B560AFCF167F654E00E7FB9D /* UIKit.framework in Frameworks */ = {isa = PBXBuildFile; fileRef = B560AFCE167F654E00E7FB9D /* UIKit.framework */; };
		B560AFD1167F654E00E7FB9D /* Foundation.framework in Frameworks */ = {isa = PBXBuildFile; fileRef = B560AFD0167F654E00E7FB9D /* Foundation.framework */; };
		B560AFD3167F654E00E7FB9D /* CoreGraphics.framework in Frameworks */ = {isa = PBXBuildFile; fileRef = B560AFD2167F654E00E7FB9D /* CoreGraphics.framework */; };
		B560AFD5167F654E00E7FB9D /* CoreData.framework in Frameworks */ = {isa = PBXBuildFile; fileRef = B560AFD4167F654E00E7FB9D /* CoreData.framework */; };
		B560AFDB167F654E00E7FB9D /* InfoPlist.strings in Resources */ = {isa = PBXBuildFile; fileRef = B560AFD9167F654E00E7FB9D /* InfoPlist.strings */; };
		B560AFDD167F654E00E7FB9D /* main.m in Sources */ = {isa = PBXBuildFile; fileRef = B560AFDC167F654E00E7FB9D /* main.m */; };
		B560AFE1167F654E00E7FB9D /* AppDelegate.m in Sources */ = {isa = PBXBuildFile; fileRef = B560AFE0167F654E00E7FB9D /* AppDelegate.m */; };
		B560AFE3167F654E00E7FB9D /* Default.png in Resources */ = {isa = PBXBuildFile; fileRef = B560AFE2167F654E00E7FB9D /* Default.png */; };
		B560AFE5167F654E00E7FB9D /* Default@2x.png in Resources */ = {isa = PBXBuildFile; fileRef = B560AFE4167F654E00E7FB9D /* Default@2x.png */; };
		B560AFE7167F654E00E7FB9D /* Default-568h@2x.png in Resources */ = {isa = PBXBuildFile; fileRef = B560AFE6167F654E00E7FB9D /* Default-568h@2x.png */; };
		B560AFEA167F654E00E7FB9D /* FavoriteBook.xcdatamodeld in Sources */ = {isa = PBXBuildFile; fileRef = B560AFE8167F654E00E7FB9D /* FavoriteBook.xcdatamodeld */; };
		B560AFF2167F65F800E7FB9D /* MainStoryboard.storyboard in Resources */ = {isa = PBXBuildFile; fileRef = B560AFF1167F65F800E7FB9D /* MainStoryboard.storyboard */; };
		B560AFF5167F67D700E7FB9D /* RootListViewController.m in Sources */ = {isa = PBXBuildFile; fileRef = B560AFF4167F67D700E7FB9D /* RootListViewController.m */; };
		B560AFF8167F67F300E7FB9D /* DetailViewController.m in Sources */ = {isa = PBXBuildFile; fileRef = B560AFF7167F67F300E7FB9D /* DetailViewController.m */; };
		B560AFFB167F680300E7FB9D /* WriteViewController.m in Sources */ = {isa = PBXBuildFile; fileRef = B560AFFA167F680300E7FB9D /* WriteViewController.m */; };
		B560AFFF167F69C800E7FB9D /* Book.m in Sources */ = {isa = PBXBuildFile; fileRef = B560AFFE167F69C800E7FB9D /* Book.m */; };
		B560B002167F69C800E7FB9D /* Favorite.m in Sources */ = {isa = PBXBuildFile; fileRef = B560B001167F69C800E7FB9D /* Favorite.m */; };
		B560B009167F70DB00E7FB9D /* RootListCell.m in Sources */ = {isa = PBXBuildFile; fileRef = B560B008167F70DB00E7FB9D /* RootListCell.m */; };
/* End PBXBuildFile section */

/* Begin PBXFileReference section */
		B560AFCA167F654E00E7FB9D /* FavoriteBook.app */ = {isa = PBXFileReference; explicitFileType = wrapper.application; includeInIndex = 0; path = FavoriteBook.app; sourceTree = BUILT_PRODUCTS_DIR; };
		B560AFCE167F654E00E7FB9D /* UIKit.framework */ = {isa = PBXFileReference; lastKnownFileType = wrapper.framework; name = UIKit.framework; path = System/Library/Frameworks/UIKit.framework; sourceTree = SDKROOT; };
		B560AFD0167F654E00E7FB9D /* Foundation.framework */ = {isa = PBXFileReference; lastKnownFileType = wrapper.framework; name = Foundation.framework; path = System/Library/Frameworks/Foundation.framework; sourceTree = SDKROOT; };
		B560AFD2167F654E00E7FB9D /* CoreGraphics.framework */ = {isa = PBXFileReference; lastKnownFileType = wrapper.framework; name = CoreGraphics.framework; path = System/Library/Frameworks/CoreGraphics.framework; sourceTree = SDKROOT; };
		B560AFD4167F654E00E7FB9D /* CoreData.framework */ = {isa = PBXFileReference; lastKnownFileType = wrapper.framework; name = CoreData.framework; path = System/Library/Frameworks/CoreData.framework; sourceTree = SDKROOT; };
		B560AFD8167F654E00E7FB9D /* FavoriteBook-Info.plist */ = {isa = PBXFileReference; lastKnownFileType = text.plist.xml; path = "FavoriteBook-Info.plist"; sourceTree = "<group>"; };
		B560AFDA167F654E00E7FB9D /* en */ = {isa = PBXFileReference; lastKnownFileType = text.plist.strings; name = en; path = en.lproj/InfoPlist.strings; sourceTree = "<group>"; };
		B560AFDC167F654E00E7FB9D /* main.m */ = {isa = PBXFileReference; lastKnownFileType = sourcecode.c.objc; path = main.m; sourceTree = "<group>"; };
		B560AFDE167F654E00E7FB9D /* FavoriteBook-Prefix.pch */ = {isa = PBXFileReference; lastKnownFileType = sourcecode.c.h; path = "FavoriteBook-Prefix.pch"; sourceTree = "<group>"; };
		B560AFDF167F654E00E7FB9D /* AppDelegate.h */ = {isa = PBXFileReference; lastKnownFileType = sourcecode.c.h; path = AppDelegate.h; sourceTree = "<group>"; };
		B560AFE0167F654E00E7FB9D /* AppDelegate.m */ = {isa = PBXFileReference; lastKnownFileType = sourcecode.c.objc; path = AppDelegate.m; sourceTree = "<group>"; };
		B560AFE2167F654E00E7FB9D /* Default.png */ = {isa = PBXFileReference; lastKnownFileType = image.png; path = Default.png; sourceTree = "<group>"; };
		B560AFE4167F654E00E7FB9D /* Default@2x.png */ = {isa = PBXFileReference; lastKnownFileType = image.png; path = "Default@2x.png"; sourceTree = "<group>"; };
		B560AFE6167F654E00E7FB9D /* Default-568h@2x.png */ = {isa = PBXFileReference; lastKnownFileType = image.png; path = "Default-568h@2x.png"; sourceTree = "<group>"; };
		B560AFE9167F654E00E7FB9D /* FavoriteBook.xcdatamodel */ = {isa = PBXFileReference; lastKnownFileType = wrapper.xcdatamodel; path = FavoriteBook.xcdatamodel; sourceTree = "<group>"; };
		B560AFF1167F65F800E7FB9D /* MainStoryboard.storyboard */ = {isa = PBXFileReference; fileEncoding = 4; lastKnownFileType = file.storyboard; path = MainStoryboard.storyboard; sourceTree = "<group>"; };
		B560AFF3167F67D700E7FB9D /* RootListViewController.h */ = {isa = PBXFileReference; fileEncoding = 4; lastKnownFileType = sourcecode.c.h; name = RootListViewController.h; path = FavoriteBook/RootListViewController.h; sourceTree = "<group>"; };
		B560AFF4167F67D700E7FB9D /* RootListViewController.m */ = {isa = PBXFileReference; fileEncoding = 4; lastKnownFileType = sourcecode.c.objc; name = RootListViewController.m; path = FavoriteBook/RootListViewController.m; sourceTree = "<group>"; };
		B560AFF6167F67F300E7FB9D /* DetailViewController.h */ = {isa = PBXFileReference; fileEncoding = 4; lastKnownFileType = sourcecode.c.h; name = DetailViewController.h; path = FavoriteBook/DetailViewController.h; sourceTree = "<group>"; };
		B560AFF7167F67F300E7FB9D /* DetailViewController.m */ = {isa = PBXFileReference; fileEncoding = 4; lastKnownFileType = sourcecode.c.objc; name = DetailViewController.m; path = FavoriteBook/DetailViewController.m; sourceTree = "<group>"; };
		B560AFF9167F680300E7FB9D /* WriteViewController.h */ = {isa = PBXFileReference; fileEncoding = 4; lastKnownFileType = sourcecode.c.h; path = WriteViewController.h; sourceTree = "<group>"; };
		B560AFFA167F680300E7FB9D /* WriteViewController.m */ = {isa = PBXFileReference; fileEncoding = 4; lastKnownFileType = sourcecode.c.objc; path = WriteViewController.m; sourceTree = "<group>"; };
		B560AFFD167F69C800E7FB9D /* Book.h */ = {isa = PBXFileReference; fileEncoding = 4; lastKnownFileType = sourcecode.c.h; name = Book.h; path = FavoriteBook/Book.h; sourceTree = "<group>"; };
		B560AFFE167F69C800E7FB9D /* Book.m */ = {isa = PBXFileReference; fileEncoding = 4; lastKnownFileType = sourcecode.c.objc; name = Book.m; path = FavoriteBook/Book.m; sourceTree = "<group>"; };
		B560B000167F69C800E7FB9D /* Favorite.h */ = {isa = PBXFileReference; fileEncoding = 4; lastKnownFileType = sourcecode.c.h; name = Favorite.h; path = FavoriteBook/Favorite.h; sourceTree = "<group>"; };
		B560B001167F69C800E7FB9D /* Favorite.m */ = {isa = PBXFileReference; fileEncoding = 4; lastKnownFileType = sourcecode.c.objc; name = Favorite.m; path = FavoriteBook/Favorite.m; sourceTree = "<group>"; };
		B560B007167F70DB00E7FB9D /* RootListCell.h */ = {isa = PBXFileReference; fileEncoding = 4; lastKnownFileType = sourcecode.c.h; path = RootListCell.h; sourceTree = "<group>"; };
		B560B008167F70DB00E7FB9D /* RootListCell.m */ = {isa = PBXFileReference; fileEncoding = 4; lastKnownFileType = sourcecode.c.objc; path = RootListCell.m; sourceTree = "<group>"; };
/* End PBXFileReference section */

/* Begin PBXFrameworksBuildPhase section */
		B560AFC7167F654E00E7FB9D /* Frameworks */ = {
			isa = PBXFrameworksBuildPhase;
			buildActionMask = 2147483647;
			files = (
				B560AFCF167F654E00E7FB9D /* UIKit.framework in Frameworks */,
				B560AFD1167F654E00E7FB9D /* Foundation.framework in Frameworks */,
				B560AFD3167F654E00E7FB9D /* CoreGraphics.framework in Frameworks */,
				B560AFD5167F654E00E7FB9D /* CoreData.framework in Frameworks */,
			);
			runOnlyForDeploymentPostprocessing = 0;
		};
/* End PBXFrameworksBuildPhase section */

/* Begin PBXGroup section */
		B560AFBF167F654E00E7FB9D = {
			isa = PBXGroup;
			children = (
				B560AFFC167F69B100E7FB9D /* Model */,
				B560AFF0167F656600E7FB9D /* Classes */,
				B560AFD6167F654E00E7FB9D /* FavoriteBook */,
				B560AFCD167F654E00E7FB9D /* Frameworks */,
				B560AFCB167F654E00E7FB9D /* Products */,
			);
			sourceTree = "<group>";
		};
		B560AFCB167F654E00E7FB9D /* Products */ = {
			isa = PBXGroup;
			children = (
				B560AFCA167F654E00E7FB9D /* FavoriteBook.app */,
			);
			name = Products;
			sourceTree = "<group>";
		};
		B560AFCD167F654E00E7FB9D /* Frameworks */ = {
			isa = PBXGroup;
			children = (
				B560AFCE167F654E00E7FB9D /* UIKit.framework */,
				B560AFD0167F654E00E7FB9D /* Foundation.framework */,
				B560AFD2167F654E00E7FB9D /* CoreGraphics.framework */,
				B560AFD4167F654E00E7FB9D /* CoreData.framework */,
			);
			name = Frameworks;
			sourceTree = "<group>";
		};
		B560AFD6167F654E00E7FB9D /* FavoriteBook */ = {
			isa = PBXGroup;
			children = (
				B560AFDF167F654E00E7FB9D /* AppDelegate.h */,
				B560AFE0167F654E00E7FB9D /* AppDelegate.m */,
				B560AFE8167F654E00E7FB9D /* FavoriteBook.xcdatamodeld */,
				B560AFD7167F654E00E7FB9D /* Supporting Files */,
				B560AFF1167F65F800E7FB9D /* MainStoryboard.storyboard */,
			);
			path = FavoriteBook;
			sourceTree = "<group>";
		};
		B560AFD7167F654E00E7FB9D /* Supporting Files */ = {
			isa = PBXGroup;
			children = (
				B560AFD8167F654E00E7FB9D /* FavoriteBook-Info.plist */,
				B560AFD9167F654E00E7FB9D /* InfoPlist.strings */,
				B560AFDC167F654E00E7FB9D /* main.m */,
				B560AFDE167F654E00E7FB9D /* FavoriteBook-Prefix.pch */,
				B560AFE2167F654E00E7FB9D /* Default.png */,
				B560AFE4167F654E00E7FB9D /* Default@2x.png */,
				B560AFE6167F654E00E7FB9D /* Default-568h@2x.png */,
			);
			name = "Supporting Files";
			sourceTree = "<group>";
		};
		B560AFF0167F656600E7FB9D /* Classes */ = {
			isa = PBXGroup;
			children = (
				B560AFF3167F67D700E7FB9D /* RootListViewController.h */,
				B560AFF4167F67D700E7FB9D /* RootListViewController.m */,
				B560AFF6167F67F300E7FB9D /* DetailViewController.h */,
				B560AFF7167F67F300E7FB9D /* DetailViewController.m */,
				B560AFF9167F680300E7FB9D /* WriteViewController.h */,
				B560AFFA167F680300E7FB9D /* WriteViewController.m */,
				B560B007167F70DB00E7FB9D /* RootListCell.h */,
				B560B008167F70DB00E7FB9D /* RootListCell.m */,
			);
			name = Classes;
			sourceTree = "<group>";
		};
		B560AFFC167F69B100E7FB9D /* Model */ = {
			isa = PBXGroup;
			children = (
				B560B000167F69C800E7FB9D /* Favorite.h */,
				B560B001167F69C800E7FB9D /* Favorite.m */,
				B560AFFD167F69C800E7FB9D /* Book.h */,
				B560AFFE167F69C800E7FB9D /* Book.m */,
			);
			name = Model;
			sourceTree = "<group>";
		};
/* End PBXGroup section */

/* Begin PBXNativeTarget section */
		B560AFC9167F654E00E7FB9D /* FavoriteBook */ = {
			isa = PBXNativeTarget;
			buildConfigurationList = B560AFED167F654E00E7FB9D /* Build configuration list for PBXNativeTarget "FavoriteBook" */;
			buildPhases = (
				B560AFC6167F654E00E7FB9D /* Sources */,
				B560AFC7167F654E00E7FB9D /* Frameworks */,
				B560AFC8167F654E00E7FB9D /* Resources */,
			);
			buildRules = (
			);
			dependencies = (
			);
			name = FavoriteBook;
			productName = FavoriteBook;
			productReference = B560AFCA167F654E00E7FB9D /* FavoriteBook.app */;
			productType = "com.apple.product-type.application";
		};
/* End PBXNativeTarget section */

/* Begin PBXProject section */
		B560AFC1167F654E00E7FB9D /* Project object */ = {
			isa = PBXProject;
			attributes = {
				LastUpgradeCheck = 0450;
				ORGANIZATIONNAME = pleimos;
			};
			buildConfigurationList = B560AFC4167F654E00E7FB9D /* Build configuration list for PBXProject "FavoriteBook" */;
			compatibilityVersion = "Xcode 3.2";
			developmentRegion = English;
			hasScannedForEncodings = 0;
			knownRegions = (
				en,
			);
			mainGroup = B560AFBF167F654E00E7FB9D;
			productRefGroup = B560AFCB167F654E00E7FB9D /* Products */;
			projectDirPath = "";
			projectRoot = "";
			targets = (
				B560AFC9167F654E00E7FB9D /* FavoriteBook */,
			);
		};
/* End PBXProject section */

/* Begin PBXResourcesBuildPhase section */
		B560AFC8167F654E00E7FB9D /* Resources */ = {
			isa = PBXResourcesBuildPhase;
			buildActionMask = 2147483647;
			files = (
				B560AFDB167F654E00E7FB9D /* InfoPlist.strings in Resources */,
				B560AFE3167F654E00E7FB9D /* Default.png in Resources */,
				B560AFE5167F654E00E7FB9D /* Default@2x.png in Resources */,
				B560AFE7167F654E00E7FB9D /* Default-568h@2x.png in Resources */,
				B560AFF2167F65F800E7FB9D /* MainStoryboard.storyboard in Resources */,
			);
			runOnlyForDeploymentPostprocessing = 0;
		};
/* End PBXResourcesBuildPhase section */

/* Begin PBXSourcesBuildPhase section */
		B560AFC6167F654E00E7FB9D /* Sources */ = {
			isa = PBXSourcesBuildPhase;
			buildActionMask = 2147483647;
			files = (
				B560AFDD167F654E00E7FB9D /* main.m in Sources */,
				B560AFE1167F654E00E7FB9D /* AppDelegate.m in Sources */,
				B560AFEA167F654E00E7FB9D /* FavoriteBook.xcdatamodeld in Sources */,
				B560AFF5167F67D700E7FB9D /* RootListViewController.m in Sources */,
				B560AFF8167F67F300E7FB9D /* DetailViewController.m in Sources */,
				B560AFFB167F680300E7FB9D /* WriteViewController.m in Sources */,
				B560AFFF167F69C800E7FB9D /* Book.m in Sources */,
				B560B002167F69C800E7FB9D /* Favorite.m in Sources */,
				B560B009167F70DB00E7FB9D /* RootListCell.m in Sources */,
			);
			runOnlyForDeploymentPostprocessing = 0;
		};
/* End PBXSourcesBuildPhase section */

/* Begin PBXVariantGroup section */
		B560AFD9167F654E00E7FB9D /* InfoPlist.strings */ = {
			isa = PBXVariantGroup;
			children = (
				B560AFDA167F654E00E7FB9D /* en */,
			);
			name = InfoPlist.strings;
			sourceTree = "<group>";
		};
/* End PBXVariantGroup section */

/* Begin XCBuildConfiguration section */
		B560AFEB167F654E00E7FB9D /* Debug */ = {
			isa = XCBuildConfiguration;
			buildSettings = {
				ALWAYS_SEARCH_USER_PATHS = NO;
				CLANG_CXX_LANGUAGE_STANDARD = "gnu++0x";
				CLANG_CXX_LIBRARY = "libc++";
				CLANG_ENABLE_OBJC_ARC = YES;
				CLANG_WARN_EMPTY_BODY = YES;
				CLANG_WARN__DUPLICATE_METHOD_MATCH = YES;
				"CODE_SIGN_IDENTITY[sdk=iphoneos*]" = "iPhone Developer";
				COPY_PHASE_STRIP = NO;
				GCC_C_LANGUAGE_STANDARD = gnu99;
				GCC_DYNAMIC_NO_PIC = NO;
				GCC_OPTIMIZATION_LEVEL = 0;
				GCC_PREPROCESSOR_DEFINITIONS = (
					"DEBUG=1",
					"$(inherited)",
				);
				GCC_SYMBOLS_PRIVATE_EXTERN = NO;
				GCC_WARN_ABOUT_RETURN_TYPE = YES;
				GCC_WARN_UNINITIALIZED_AUTOS = YES;
				GCC_WARN_UNUSED_VARIABLE = YES;
				IPHONEOS_DEPLOYMENT_TARGET = 6.0;
				ONLY_ACTIVE_ARCH = YES;
				SDKROOT = iphoneos;
			};
			name = Debug;
		};
		B560AFEC167F654E00E7FB9D /* Release */ = {
			isa = XCBuildConfiguration;
			buildSettings = {
				ALWAYS_SEARCH_USER_PATHS = NO;
				CLANG_CXX_LANGUAGE_STANDARD = "gnu++0x";
				CLANG_CXX_LIBRARY = "libc++";
				CLANG_ENABLE_OBJC_ARC = YES;
				CLANG_WARN_EMPTY_BODY = YES;
				CLANG_WARN__DUPLICATE_METHOD_MATCH = YES;
				"CODE_SIGN_IDENTITY[sdk=iphoneos*]" = "iPhone Developer";
				COPY_PHASE_STRIP = YES;
				GCC_C_LANGUAGE_STANDARD = gnu99;
				GCC_WARN_ABOUT_RETURN_TYPE = YES;
				GCC_WARN_UNINITIALIZED_AUTOS = YES;
				GCC_WARN_UNUSED_VARIABLE = YES;
				IPHONEOS_DEPLOYMENT_TARGET = 6.0;
				OTHER_CFLAGS = "-DNS_BLOCK_ASSERTIONS=1";
				SDKROOT = iphoneos;
				VALIDATE_PRODUCT = YES;
			};
			name = Release;
		};
		B560AFEE167F654E00E7FB9D /* Debug */ = {
			isa = XCBuildConfiguration;
			buildSettings = {
				GCC_PRECOMPILE_PREFIX_HEADER = YES;
				GCC_PREFIX_HEADER = "FavoriteBook/FavoriteBook-Prefix.pch";
				INFOPLIST_FILE = "FavoriteBook/FavoriteBook-Info.plist";
				PRODUCT_NAME = "$(TARGET_NAME)";
				WRAPPER_EXTENSION = app;
			};
			name = Debug;
		};
		B560AFEF167F654E00E7FB9D /* Release */ = {
			isa = XCBuildConfiguration;
			buildSettings = {
				GCC_PRECOMPILE_PREFIX_HEADER = YES;
				GCC_PREFIX_HEADER = "FavoriteBook/FavoriteBook-Prefix.pch";
				INFOPLIST_FILE = "FavoriteBook/FavoriteBook-Info.plist";
				PRODUCT_NAME = "$(TARGET_NAME)";
				WRAPPER_EXTENSION = app;
			};
			name = Release;
		};
/* End XCBuildConfiguration section */

/* Begin XCConfigurationList section */
		B560AFC4167F654E00E7FB9D /* Build configuration list for PBXProject "FavoriteBook" */ = {
			isa = XCConfigurationList;
			buildConfigurations = (
				B560AFEB167F654E00E7FB9D /* Debug */,
				B560AFEC167F654E00E7FB9D /* Release */,
			);
			defaultConfigurationIsVisible = 0;
			defaultConfigurationName = Release;
		};
		B560AFED167F654E00E7FB9D /* Build configuration list for PBXNativeTarget "FavoriteBook" */ = {
			isa = XCConfigurationList;
			buildConfigurations = (
				B560AFEE167F654E00E7FB9D /* Debug */,
				B560AFEF167F654E00E7FB9D /* Release */,
			);
			defaultConfigurationIsVisible = 0;
		};
/* End XCConfigurationList section */

/* Begin XCVersionGroup section */
		B560AFE8167F654E00E7FB9D /* FavoriteBook.xcdatamodeld */ = {
			isa = XCVersionGroup;
			children = (
				B560AFE9167F654E00E7FB9D /* FavoriteBook.xcdatamodel */,
			);
			currentVersion = B560AFE9167F654E00E7FB9D /* FavoriteBook.xcdatamodel */;
			path = FavoriteBook.xcdatamodeld;
			sourceTree = "<group>";
			versionGroupType = wrapper.xcdatamodel;
		};
/* End XCVersionGroup section */
	};
	rootObject = B560AFC1167F654E00E7FB9D /* Project object */;
}
